PODS:
  - AgoraRtcEngine_Special_iOS (3.7.2.238)
  - AliyunOSSiOS (2.10.21)
  - MJRefresh (3.5.0)
  - PLVAliHttpDNS/AlicloudHttpDNS (1.10.0)
  - PLVAliHttpDNS/AlicloudUtils (1.10.0)
  - PLVBusinessSDK/AbstractRTC (1.17.1):
    - PLVBusinessSDK/ARTC
    - PLVBusinessSDK/BaseRTC
    - PLVBusinessSDK/Player
    - PLVBusinessSDK/TRTC
    - PLVBusinessSDK/URTC
    - PLVBusinessSDK/VRTC
  - PLVBusinessSDK/ARTC (1.17.1):
    - PLVBusinessSDK/Headers
  - PLVBusinessSDK/BaseRTC (1.17.1):
    - PLVBusinessSDK/Headers
  - PLVBusinessSDK/BusinessSocket (1.17.1):
    - PLVBusinessSDK/Headers
  - PLVBusinessSDK/Headers (1.17.1)
  - PLVBusinessSDK/Player (1.17.1):
    - PLVBusinessSDK/Headers
  - PLVBusinessSDK/PrivacyInfo (1.17.1)
  - PLVBusinessSDK/TRTC (1.17.1):
    - PLVBusinessSDK/Headers
  - PLVBusinessSDK/URTC (1.17.1):
    - PLVBusinessSDK/Headers
  - PLVBusinessSDK/VRTC (1.17.1):
    - PLVBusinessSDK/Headers
  - PLVFDB (1.0.5)
  - PLVFoundationSDK/AbstractBase (1.17.1):
    - PLVFoundationSDK/AuthorizationManager
    - PLVFoundationSDK/BaseUtils
    - PLVFoundationSDK/ConsoleLogger
    - PLVFoundationSDK/ErrorCode
    - PLVFoundationSDK/JSBridgeSDK
    - PLVFoundationSDK/LogReporter
    - PLVFoundationSDK/NetworkUtils
    - PLVFoundationSDK/ProgressHUD
    - PLVFoundationSDK/Reachability
    - PLVFoundationSDK/SafeModel
    - PLVFoundationSDK/WebviewBridge
  - PLVFoundationSDK/AuthorizationManager (1.17.1):
    - PLVFoundationSDK/Headers
  - PLVFoundationSDK/BaseUtils (1.17.1):
    - PLVFoundationSDK/Headers
  - PLVFoundationSDK/ConsoleLogger (1.17.1):
    - PLVFoundationSDK/Headers
  - PLVFoundationSDK/CryptoUtils (1.17.1):
    - PLVFoundationSDK/Headers
  - PLVFoundationSDK/ErrorCode (1.17.1):
    - PLVFoundationSDK/Headers
  - PLVFoundationSDK/Headers (1.17.1)
  - PLVFoundationSDK/JSBridgeSDK (1.17.1):
    - PLVFoundationSDK/Headers
  - PLVFoundationSDK/LogReporter (1.17.1):
    - PLVFoundationSDK/Headers
  - PLVFoundationSDK/NetworkUtils (1.17.1):
    - PLVFoundationSDK/Headers
  - PLVFoundationSDK/PrivacyInfo (1.17.1)
  - PLVFoundationSDK/ProgressHUD (1.17.1):
    - PLVFoundationSDK/Headers
  - PLVFoundationSDK/Reachability (1.17.1):
    - PLVFoundationSDK/Headers
  - PLVFoundationSDK/SafeModel (1.17.1):
    - PLVFoundationSDK/Headers
  - PLVFoundationSDK/WebviewBridge (1.17.1):
    - PLVFoundationSDK/Headers
  - PLVIJKPlayer (0.13.3)
  - PLVImagePickerController (0.1.3)
  - PLVLiveScenesSDK/BaseSDK (1.17.1):
    - PLVBusinessSDK/AbstractRTC (= 1.17.1)
    - PLVBusinessSDK/BusinessSocket (= 1.17.1)
    - PLVBusinessSDK/PrivacyInfo (= 1.17.1)
    - PLVFoundationSDK/AbstractBase (~> 1.17.1)
    - PLVFoundationSDK/PrivacyInfo (~> 1.17.1)
  - PLVLiveScenesSDK/Core (1.17.1)
  - PLVLOpenSSL (1.1.12101)
  - PLVModel (1.0.4)
  - PLVSocketIOClientSwift (0.1.0):
    - PLVStarscream (~> 0.1.0)
  - PLVStarscream (0.1.0)
  - PLVVolcEngineRTC (3.41.301):
    - PLVVolcEngineRTC/Core (= 3.41.301)
  - PLVVolcEngineRTC/Core (3.41.301)
  - PLVVolcEngineRTCExt (3.41.301):
    - PLVVolcEngineRTCExt/BaseSDK (= 3.41.301)
    - PLVVolcEngineRTCExt/Core (= 3.41.301)
  - PLVVolcEngineRTCExt/BaseSDK (3.41.301):
    - PLVVolcEngineRTC (= 3.41.301)
  - PLVVolcEngineRTCExt/Core (3.41.301)
  - Protobuf (3.22.4)
  - SDWebImage (4.4.0):
    - SDWebImage/Core (= 4.4.0)
  - SDWebImage/Core (4.4.0)
  - SSZipArchive (2.1.5)
  - SVGAPlayer (2.5.7):
    - SVGAPlayer/Core (= 2.5.7)
    - SVGAPlayer/ProtoFiles (= 2.5.7)
  - SVGAPlayer/Core (2.5.7):
    - SSZipArchive (>= 1.8.1)
    - SVGAPlayer/ProtoFiles
  - SVGAPlayer/ProtoFiles (2.5.7):
    - Protobuf (~> 3.4)
  - TXLiteAVSDK_TRTC (11.4.14546):
    - TXLiteAVSDK_TRTC/TRTC (= 11.4.14546)
  - TXLiteAVSDK_TRTC/TRTC (11.4.14546)

DEPENDENCIES:
  - AgoraRtcEngine_Special_iOS (= 3.7.2.238)
  - AliyunOSSiOS (~> 2.10.8)
  - MJRefresh (~> 3.5.0)
  - PLVAliHttpDNS/AlicloudHttpDNS (~> 1.10.0)
  - PLVAliHttpDNS/AlicloudUtils (~> 1.10.0)
  - PLVFDB (~> 1.0.5)
  - PLVFoundationSDK/CryptoUtils (= 1.17.1)
  - PLVIJKPlayer (= 0.13.3)
  - PLVImagePickerController (~> 0.1.2)
  - PLVLiveScenesSDK/BaseSDK (= 1.17.1)
  - PLVLiveScenesSDK/Core (= 1.17.1)
  - PLVLOpenSSL (~> 1.1.12100)
  - PLVModel (~> 1.0.4)
  - PLVSocketIOClientSwift (~> 0.1.0)
  - PLVVolcEngineRTCExt (= 3.41.301)
  - Protobuf (= 3.22.4)
  - SDWebImage (= 4.4.0)
  - SSZipArchive (= 2.1.5)
  - SVGAPlayer (~> 2.3)
  - TXLiteAVSDK_TRTC (= 11.4.14546)

SPEC REPOS:
  trunk:
    - AgoraRtcEngine_Special_iOS
    - AliyunOSSiOS
    - MJRefresh
    - PLVAliHttpDNS
    - PLVBusinessSDK
    - PLVFDB
    - PLVFoundationSDK
    - PLVIJKPlayer
    - PLVImagePickerController
    - PLVLiveScenesSDK
    - PLVLOpenSSL
    - PLVModel
    - PLVSocketIOClientSwift
    - PLVStarscream
    - PLVVolcEngineRTC
    - PLVVolcEngineRTCExt
    - Protobuf
    - SDWebImage
    - SSZipArchive
    - SVGAPlayer
    - TXLiteAVSDK_TRTC

SPEC CHECKSUMS:
  AgoraRtcEngine_Special_iOS: a2d3404273e72a8e929d5ece8d57d59da27dca30
  AliyunOSSiOS: 1f091b3aeec9f7a5fd722cb511704116f2ca468d
  MJRefresh: 6afc955813966afb08305477dd7a0d9ad5e79a16
  PLVAliHttpDNS: e968fff888b8e96e51828d76d571a9430367475f
  PLVBusinessSDK: 998d93616a7c8642275b0339e74890a6e67825f1
  PLVFDB: d3dd7f38f9a80e7db05737c18f56f6fb2013e6f3
  PLVFoundationSDK: eab45b89fc20b86921bd072b889960ca15564cb1
  PLVIJKPlayer: 13e7e54043bb59e688e06c239edf7a6dda00aca8
  PLVImagePickerController: 6a311c664bdd67a955e8828a5519836e6230ccae
  PLVLiveScenesSDK: 17d3ef2f9455c6ad485441cbd4ad8c0cefdde084
  PLVLOpenSSL: b4729f40d0a1d7b2be1897d40b5dc3c08ff59bf1
  PLVModel: 88d604de34d00d89aca11660dd2edd4e51b6138e
  PLVSocketIOClientSwift: 118977ef19f8a8252bbd9729469eb7f322963597
  PLVStarscream: 9d3a6c67c9b4e0a37fc13d4e93ccc8a664582765
  PLVVolcEngineRTC: 11534d7483b26ccce063efd93577d4cc4aa775ac
  PLVVolcEngineRTCExt: 876f9214df06a3cd385d82c42b8c1269bc93c3c3
  Protobuf: e61924c2c174ec1bee11cc3f151aa9e650ba09d7
  SDWebImage: b534502786e43dde36dfcaee89356fe6df30e203
  SSZipArchive: cefe1364104a0231268a5deb8495bdf2861f52f0
  SVGAPlayer: 318b85a78b61292d6ae9dfcd651f3f0d1cdadd86
  TXLiteAVSDK_TRTC: abc0627b0607c64f74f9fc98905c1862ad515030

PODFILE CHECKSUM: 01d14c0dea525bff33cc79a9e6f07c31b54d9e9e

COCOAPODS: 1.11.3
